
Microsoft Visual Studio Solution File, Format Version 12.00
# Visual Studio 15
VisualStudioVersion = 15.0.28010.2036
MinimumVisualStudioVersion = 10.0.40219.1
Project("{FAE04EC0-301F-11D3-BF4B-00C04F79EFBC}") = "rkFunctionApp", "rkFunctionApp\rkFunctionApp.csproj", "{5C376770-DBA9-4C97-A5E2-C18C5877CE0F}"
EndProject
Global
	GlobalSection(SolutionConfigurationPlatforms) = preSolution
		Debug|Any CPU = Debug|Any CPU
		Release|Any CPU = Release|Any CPU
	EndGlobalSection
	GlobalSection(ProjectConfigurationPlatforms) = postSolution
		{5C376770-DBA9-4C97-A5E2-C18C5877CE0F}.Debug|Any CPU.ActiveCfg = Debug|Any CPU
		{5C376770-DBA9-4C97-A5E2-C18C5877CE0F}.Debug|Any CPU.Build.0 = Debug|Any CPU
		{5C376770-DBA9-4C97-A5E2-C18C5877CE0F}.Release|Any CPU.ActiveCfg = Release|Any CPU
		{5C376770-DBA9-4C97-A5E2-C18C5877CE0F}.Release|Any CPU.Build.0 = Release|Any CPU
	EndGlobalSection
	GlobalSection(SolutionProperties) = preSolution
		HideSolutionNode = FALSE
	EndGlobalSection
	GlobalSection(ExtensibilityGlobals) = postSolution
		SolutionGuid = {77F2EF6A-0BDF-427F-A4C8-457CA5D9E2EA}
	EndGlobalSection
EndGlobal
